Microsoft Visual Studio Solution File, Format Version 12.00
# Visual Studio Version 17
VisualStudioVersion = 17.10.35027.167
MinimumVisualStudioVersion = 10.0.40219.1
Project("{FAE04EC0-301F-11D3-BF4B-00C04F79EFBC}") = "Live Video Streaming", "Live Video Streaming.csproj", "{5C2E2D2E-8769-426C-A4E8-24183543FE24}"
EndProject
Global
	GlobalSection(ExtensibilityGlobals) = postSolution
		SolutionGuid = {5909A748-9BF1-4B74-ACD1-8841981E3C08}
	EndGlobalSection
	GlobalSection(ProjectConfigurationPlatforms) = postSolution
		{5C2E2D2E-8769-426C-A4E8-24183543FE24}.Debug|Any CPU.ActiveCfg = Debug|Any CPU
		{5C2E2D2E-8769-426C-A4E8-24183543FE24}.Debug|Any CPU.Build.0 = Debug|Any CPU
		{5C2E2D2E-8769-426C-A4E8-24183543FE24}.Release|Any CPU.ActiveCfg = Release|Any CPU
		{5C2E2D2E-8769-426C-A4E8-24183543FE24}.Release|Any CPU.Build.0 = Release|Any CPU
	EndGlobalSection
	GlobalSection(SolutionConfigurationPlatforms) = preSolution
		Debug|Any CPU = Debug|Any CPU
		Release|Any CPU = Release|Any CPU
	EndGlobalSection
	GlobalSection(SolutionProperties) = preSolution
		HideSolutionNode = FALSE
	EndGlobalSection
EndGlobal
